
Microsoft Visual Studio Solution File, Format Version 12.00
# Visual Studio 15
VisualStudioVersion = 15.0.27703.2042
MinimumVisualStudioVersion = 10.0.40219.1
Project("{2150E333-8FDC-42A3-9474-1A3956D46DE8}") = "1 - UI", "1 - UI", "{EA3CA5CA-97F9-4E29-94B0-B4F020DBB4A4}"
EndProject
Project("{2150E333-8FDC-42A3-9474-1A3956D46DE8}") = "2 - App", "2 - App", "{85EBBDD0-7625-4BDC-AED8-BB20B1D9A448}"
EndProject
Project("{2150E333-8FDC-42A3-9474-1A3956D46DE8}") = "3 - Domain", "3 - Domain", "{D22568F2-E953-4E2E-8121-457851E55D9E}"
EndProject
Project("{2150E333-8FDC-42A3-9474-1A3956D46DE8}") = "4 - Infra", "4 - Infra", "{98F542C0-727F-4A4E-A71B-980890F243CE}"
EndProject
Project("{FAE04EC0-301F-11D3-BF4B-00C04F79EFBC}") = "SpecificationProject.Data", "src\SpecificationProject.Data\SpecificationProject.Data.csproj", "{891951BE-1917-476A-89DB-AF050D37C97D}"
EndProject
Project("{FAE04EC0-301F-11D3-BF4B-00C04F79EFBC}") = "SpecificationProject.IoC", "src\SpecificationProject.IoC\SpecificationProject.IoC.csproj", "{2C8CAF5D-1351-4D1A-B447-F0B8A6834692}"
EndProject
Project("{FAE04EC0-301F-11D3-BF4B-00C04F79EFBC}") = "SpecificationProject.Domain", "src\SpecificationProject.Domain\SpecificationProject.Domain.csproj", "{7DEF4724-7E4E-4701-AB01-41B73717EC2E}"
EndProject
Project("{FAE04EC0-301F-11D3-BF4B-00C04F79EFBC}") = "SpecificationProject.App", "src\SpecificationProject.App\SpecificationProject.App.csproj", "{6DCC9CBD-0409-44C2-BCEE-7C16667FB7F3}"
EndProject
Project("{FAE04EC0-301F-11D3-BF4B-00C04F79EFBC}") = "SpecificationProject.Site", "src\SpecificationProject.Site\SpecificationProject.Site.csproj", "{573ADE23-2CC2-47F8-A992-0509126246AC}"
EndProject
Global
	GlobalSection(SolutionConfigurationPlatforms) = preSolution
		Debug|Any CPU = Debug|Any CPU
		Release|Any CPU = Release|Any CPU
	EndGlobalSection
	GlobalSection(ProjectConfigurationPlatforms) = postSolution
		{891951BE-1917-476A-89DB-AF050D37C97D}.Debug|Any CPU.ActiveCfg = Debug|Any CPU
		{891951BE-1917-476A-89DB-AF050D37C97D}.Debug|Any CPU.Build.0 = Debug|Any CPU
		{891951BE-1917-476A-89DB-AF050D37C97D}.Release|Any CPU.ActiveCfg = Release|Any CPU
		{891951BE-1917-476A-89DB-AF050D37C97D}.Release|Any CPU.Build.0 = Release|Any CPU
		{2C8CAF5D-1351-4D1A-B447-F0B8A6834692}.Debug|Any CPU.ActiveCfg = Debug|Any CPU
		{2C8CAF5D-1351-4D1A-B447-F0B8A6834692}.Debug|Any CPU.Build.0 = Debug|Any CPU
		{2C8CAF5D-1351-4D1A-B447-F0B8A6834692}.Release|Any CPU.ActiveCfg = Release|Any CPU
		{2C8CAF5D-1351-4D1A-B447-F0B8A6834692}.Release|Any CPU.Build.0 = Release|Any CPU
		{7DEF4724-7E4E-4701-AB01-41B73717EC2E}.Debug|Any CPU.ActiveCfg = Debug|Any CPU
		{7DEF4724-7E4E-4701-AB01-41B73717EC2E}.Debug|Any CPU.Build.0 = Debug|Any CPU
		{7DEF4724-7E4E-4701-AB01-41B73717EC2E}.Release|Any CPU.ActiveCfg = Release|Any CPU
		{7DEF4724-7E4E-4701-AB01-41B73717EC2E}.Release|Any CPU.Build.0 = Release|Any CPU
		{6DCC9CBD-0409-44C2-BCEE-7C16667FB7F3}.Debug|Any CPU.ActiveCfg = Debug|Any CPU
		{6DCC9CBD-0409-44C2-BCEE-7C16667FB7F3}.Debug|Any CPU.Build.0 = Debug|Any CPU
		{6DCC9CBD-0409-44C2-BCEE-7C16667FB7F3}.Release|Any CPU.ActiveCfg = Release|Any CPU
		{6DCC9CBD-0409-44C2-BCEE-7C16667FB7F3}.Release|Any CPU.Build.0 = Release|Any CPU
		{573ADE23-2CC2-47F8-A992-0509126246AC}.Debug|Any CPU.ActiveCfg = Debug|Any CPU
		{573ADE23-2CC2-47F8-A992-0509126246AC}.Debug|Any CPU.Build.0 = Debug|Any CPU
		{573ADE23-2CC2-47F8-A992-0509126246AC}.Release|Any CPU.ActiveCfg = Release|Any CPU
		{573ADE23-2CC2-47F8-A992-0509126246AC}.Release|Any CPU.Build.0 = Release|Any CPU
	EndGlobalSection
	GlobalSection(SolutionProperties) = preSolution
		HideSolutionNode = FALSE
	EndGlobalSection
	GlobalSection(NestedProjects) = preSolution
		{891951BE-1917-476A-89DB-AF050D37C97D} = {98F542C0-727F-4A4E-A71B-980890F243CE}
		{2C8CAF5D-1351-4D1A-B447-F0B8A6834692} = {98F542C0-727F-4A4E-A71B-980890F243CE}
		{7DEF4724-7E4E-4701-AB01-41B73717EC2E} = {D22568F2-E953-4E2E-8121-457851E55D9E}
		{6DCC9CBD-0409-44C2-BCEE-7C16667FB7F3} = {85EBBDD0-7625-4BDC-AED8-BB20B1D9A448}
		{573ADE23-2CC2-47F8-A992-0509126246AC} = {EA3CA5CA-97F9-4E29-94B0-B4F020DBB4A4}
	EndGlobalSection
	GlobalSection(ExtensibilityGlobals) = postSolution
		SolutionGuid = {B47D4B71-406A-4DFD-BB4E-D9ECE5ACC8FA}
	EndGlobalSection
EndGlobal
